
Microsoft Visual Studio Solution File, Format Version 12.00
# Visual Studio Version 17
VisualStudioVersion = 17.2.32616.157
MinimumVisualStudioVersion = 10.0.40219.1
Project("{FAE04EC0-301F-11D3-BF4B-00C04F79EFBC}") = "BPP", "BPP\BPP.csproj", "{D3831195-4917-417D-A7A4-58BF20430FF6}"
EndProject
Global
	GlobalSection(SolutionConfigurationPlatforms) = preSolution
		Debug|Any CPU = Debug|Any CPU
		Release|Any CPU = Release|Any CPU
	EndGlobalSection
	GlobalSection(ProjectConfigurationPlatforms) = postSolution
		{D3831195-4917-417D-A7A4-58BF20430FF6}.Debug|Any CPU.ActiveCfg = Debug|Any CPU
		{D3831195-4917-417D-A7A4-58BF20430FF6}.Debug|Any CPU.Build.0 = Debug|Any CPU
		{D3831195-4917-417D-A7A4-58BF20430FF6}.Release|Any CPU.ActiveCfg = Release|Any CPU
		{D3831195-4917-417D-A7A4-58BF20430FF6}.Release|Any CPU.Build.0 = Release|Any CPU
	EndGlobalSection
	GlobalSection(SolutionProperties) = preSolution
		HideSolutionNode = FALSE
	EndGlobalSection
	GlobalSection(ExtensibilityGlobals) = postSolution
		SolutionGuid = {F03892D1-479E-4055-B36C-EBC5C7FCAE75}
	EndGlobalSection
EndGlobal
